// !$*UTF8*$!
{
	archiveVersion = 1;
	classes = {
	};
	objectVersion = 46;
	objects = {

/* Begin PBXBuildFile section */
		7E70899C1B587DE4004D23AA /* ios-deploy.c in Sources */ = {isa = PBXBuildFile; fileRef = 7E7089991B587DE4004D23AA /* ios-deploy.c */; settings = {COMPILER_FLAGS = "-x objective-c -fno-objc-arc"; }; };
		7E70899E1B587F29004D23AA /* CoreFoundation.framework in Frameworks */ = {isa = PBXBuildFile; fileRef = 7E70899D1B587F29004D23AA /* CoreFoundation.framework */; };
		7E7089A01B58801E004D23AA /* Foundation.framework in Frameworks */ = {isa = PBXBuildFile; fileRef = 7E70899F1B58801E004D23AA /* Foundation.framework */; };
/* End PBXBuildFile section */

/* Begin PBXCopyFilesBuildPhase section */
		7E70898C1B587BF3004D23AA /* CopyFiles */ = {
			isa = PBXCopyFilesBuildPhase;
			buildActionMask = 2147483647;
			dstPath = /usr/share/man/man1/;
			dstSubfolderSpec = 0;
			files = (
			);
			runOnlyForDeploymentPostprocessing = 1;
		};
/* End PBXCopyFilesBuildPhase section */

/* Begin PBXFileReference section */
		7E70898E1B587BF3004D23AA /* ios-deploy */ = {isa = PBXFileReference; explicitFileType = "compiled.mach-o.executable"; includeInIndex = 0; path = "ios-deploy"; sourceTree = BUILT_PRODUCTS_DIR; };
		7E7089991B587DE4004D23AA /* ios-deploy.c */ = {isa = PBXFileReference; fileEncoding = 4; lastKnownFileType = sourcecode.c.c; name = "ios-deploy.c"; path = "src/ios-deploy.c"; sourceTree = SOURCE_ROOT; };
		7E70899A1B587DE4004D23AA /* errors.h */ = {isa = PBXFileReference; fileEncoding = 4; lastKnownFileType = sourcecode.c.h; name = errors.h; path = src/errors.h; sourceTree = SOURCE_ROOT; };
		7E70899B1B587DE4004D23AA /* MobileDevice.h */ = {isa = PBXFileReference; fileEncoding = 4; lastKnownFileType = sourcecode.c.h; name = MobileDevice.h; path = src/MobileDevice.h; sourceTree = SOURCE_ROOT; };
		7E70899D1B587F29004D23AA /* CoreFoundation.framework */ = {isa = PBXFileReference; lastKnownFileType = wrapper.framework; name = CoreFoundation.framework; path = System/Library/Frameworks/CoreFoundation.framework; sourceTree = SDKROOT; };
		7E70899F1B58801E004D23AA /* Foundation.framework */ = {isa = PBXFileReference; lastKnownFileType = wrapper.framework; name = Foundation.framework; path = System/Library/Frameworks/Foundation.framework; sourceTree = SDKROOT; };
/* End PBXFileReference section */

/* Begin PBXFrameworksBuildPhase section */
		7E70898B1B587BF3004D23AA /* Frameworks */ = {
			isa = PBXFrameworksBuildPhase;
			buildActionMask = 2147483647;
			files = (
				7E7089A01B58801E004D23AA /* Foundation.framework in Frameworks */,
				7E70899E1B587F29004D23AA /* CoreFoundation.framework in Frameworks */,
			);
			runOnlyForDeploymentPostprocessing = 0;
		};
/* End PBXFrameworksBuildPhase section */

/* Begin PBXGroup section */
		7E7089851B587BF3004D23AA = {
			isa = PBXGroup;
			children = (
				7E7089901B587BF3004D23AA /* ios-deploy */,
				7E7089A21B588219004D23AA /* Frameworks */,
				7E70898F1B587BF3004D23AA /* Products */,
			);
			sourceTree = "<group>";
		};
		7E70898F1B587BF3004D23AA /* Products */ = {
			isa = PBXGroup;
			children = (
				7E70898E1B587BF3004D23AA /* ios-deploy */,
			);
			name = Products;
			sourceTree = "<group>";
		};
		7E7089901B587BF3004D23AA /* ios-deploy */ = {
			isa = PBXGroup;
			children = (
				7E7089991B587DE4004D23AA /* ios-deploy.c */,
				7E70899A1B587DE4004D23AA /* errors.h */,
				7E70899B1B587DE4004D23AA /* MobileDevice.h */,
			);
			path = "ios-deploy";
			sourceTree = "<group>";
		};
		7E7089A21B588219004D23AA /* Frameworks */ = {
			isa = PBXGroup;
			children = (
				7E70899F1B58801E004D23AA /* Foundation.framework */,
				7E70899D1B587F29004D23AA /* CoreFoundation.framework */,
			);
			name = Frameworks;
			sourceTree = "<group>";
		};
/* End PBXGroup section */

/* Begin PBXNativeTarget section */
		7E70898D1B587BF3004D23AA /* ios-deploy */ = {
			isa = PBXNativeTarget;
			buildConfigurationList = 7E7089951B587BF3004D23AA /* Build configuration list for PBXNativeTarget "ios-deploy" */;
			buildPhases = (
				7E70898A1B587BF3004D23AA /* Sources */,
				7E70898B1B587BF3004D23AA /* Frameworks */,
				7E70898C1B587BF3004D23AA /* CopyFiles */,
			);
			buildRules = (
			);
			dependencies = (
			);
			name = "ios-deploy";
			productName = "ios-deploy";
			productReference = 7E70898E1B587BF3004D23AA /* ios-deploy */;
			productType = "com.apple.product-type.tool";
		};
/* End PBXNativeTarget section */

/* Begin PBXProject section */
		7E7089861B587BF3004D23AA /* Project object */ = {
			isa = PBXProject;
			attributes = {
				LastUpgradeCheck = 0710;
				ORGANIZATIONNAME = PhoneGap;
				TargetAttributes = {
					7E70898D1B587BF3004D23AA = {
						CreatedOnToolsVersion = 6.4;
					};
				};
			};
			buildConfigurationList = 7E7089891B587BF3004D23AA /* Build configuration list for PBXProject "ios-deploy" */;
			compatibilityVersion = "Xcode 3.2";
			developmentRegion = English;
			hasScannedForEncodings = 0;
			knownRegions = (
				en,
				Base,
			);
			mainGroup = 7E7089851B587BF3004D23AA;
			productRefGroup = 7E70898F1B587BF3004D23AA /* Products */;
			projectDirPath = "";
			projectRoot = "";
			targets = (
				7E70898D1B587BF3004D23AA /* ios-deploy */,
			);
		};
/* End PBXProject section */

/* Begin PBXSourcesBuildPhase section */
		7E70898A1B587BF3004D23AA /* Sources */ = {
			isa = PBXSourcesBuildPhase;
			buildActionMask = 2147483647;
			files = (
				7E70899C1B587DE4004D23AA /* ios-deploy.c in Sources */,
			);
			runOnlyForDeploymentPostprocessing = 0;
		};
/* End PBXSourcesBuildPhase section */

/* Begin XCBuildConfiguration section */
		7E7089931B587BF3004D23AA /* Debug */ = {
			isa = XCBuildConfiguration;
			buildSettings = {
				ALWAYS_SEARCH_USER_PATHS = NO;
				CLANG_CXX_LANGUAGE_STANDARD = "gnu++0x";
				CLANG_CXX_LIBRARY = "libc++";
				CLANG_ENABLE_MODULES = YES;
				CLANG_ENABLE_OBJC_ARC = YES;
				CLANG_WARN_BOOL_CONVERSION = YES;
				CLANG_WARN_CONSTANT_CONVERSION = YES;
				CLANG_WARN_DIRECT_OBJC_ISA_USAGE = YES_ERROR;
				CLANG_WARN_EMPTY_BODY = YES;
				CLANG_WARN_ENUM_CONVERSION = YES;
				CLANG_WARN_INT_CONVERSION = YES;
				CLANG_WARN_OBJC_ROOT_CLASS = YES_ERROR;
				CLANG_WARN_UNREACHABLE_CODE = YES;
				CLANG_WARN__DUPLICATE_METHOD_MATCH = YES;
				COPY_PHASE_STRIP = NO;
				DEBUG_INFORMATION_FORMAT = dwarf;
				ENABLE_STRICT_OBJC_MSGSEND = YES;
				ENABLE_TESTABILITY = YES;
				GCC_C_LANGUAGE_STANDARD = gnu99;
				GCC_DYNAMIC_NO_PIC = NO;
				GCC_NO_COMMON_BLOCKS = YES;
				GCC_OPTIMIZATION_LEVEL = 0;
				GCC_PREPROCESSOR_DEFINITIONS = (
					"DEBUG=1",
					"$(inherited)",
				);
				GCC_SYMBOLS_PRIVATE_EXTERN = NO;
				GCC_WARN_64_TO_32_BIT_CONVERSION = YES;
				GCC_WARN_ABOUT_RETURN_TYPE = YES_ERROR;
				GCC_WARN_UNDECLARED_SELECTOR = YES;
				GCC_WARN_UNINITIALIZED_AUTOS = YES_AGGRESSIVE;
				GCC_WARN_UNUSED_FUNCTION = YES;
				GCC_WARN_UNUSED_VARIABLE = YES;
				MACOSX_DEPLOYMENT_TARGET = 10.8;
				MTL_ENABLE_DEBUG_INFO = YES;
				ONLY_ACTIVE_ARCH = YES;
				OTHER_LDFLAGS = (
					"-framework",
					MobileDevice,
					"-F/System/Library/PrivateFrameworks",
				);
				SDKROOT = macosx;
			};
			name = Debug;
		};
		7E7089941B587BF3004D23AA /* Release */ = {
			isa = XCBuildConfiguration;
			buildSettings = {
				ALWAYS_SEARCH_USER_PATHS = NO;
				CLANG_CXX_LANGUAGE_STANDARD = "gnu++0x";
				CLANG_CXX_LIBRARY = "libc++";
				CLANG_ENABLE_MODULES = YES;
				CLANG_ENABLE_OBJC_ARC = YES;
				CLANG_WARN_BOOL_CONVERSION = YES;
				CLANG_WARN_CONSTANT_CONVERSION = YES;
				CLANG_WARN_DIRECT_OBJC_ISA_USAGE = YES_ERROR;
				CLANG_WARN_EMPTY_BODY = YES;
				CLANG_WARN_ENUM_CONVERSION = YES;
				CLANG_WARN_INT_CONVERSION = YES;
				CLANG_WARN_OBJC_ROOT_CLASS = YES_ERROR;
				CLANG_WARN_UNREACHABLE_CODE = YES;
				CLANG_WARN__DUPLICATE_METHOD_MATCH = YES;
				COPY_PHASE_STRIP = NO;
				DEBUG_INFORMATION_FORMAT = "dwarf-with-dsym";
				ENABLE_NS_ASSERTIONS = NO;
				ENABLE_STRICT_OBJC_MSGSEND = YES;
				GCC_C_LANGUAGE_STANDARD = gnu99;
				GCC_NO_COMMON_BLOCKS = YES;
				GCC_WARN_64_TO_32_BIT_CONVERSION = YES;
				GCC_WARN_ABOUT_RETURN_TYPE = YES_ERROR;
				GCC_WARN_UNDECLARED_SELECTOR = YES;
				GCC_WARN_UNINITIALIZED_AUTOS = YES_AGGRESSIVE;
				GCC_WARN_UNUSED_FUNCTION = YES;
				GCC_WARN_UNUSED_VARIABLE = YES;
				MACOSX_DEPLOYMENT_TARGET = 10.8;
				MTL_ENABLE_DEBUG_INFO = NO;
				OTHER_LDFLAGS = (
					"-framework",
					MobileDevice,
					"-F/System/Library/PrivateFrameworks",
				);
				SDKROOT = macosx;
			};
			name = Release;
		};
		7E7089961B587BF3004D23AA /* Debug */ = {
			isa = XCBuildConfiguration;
			buildSettings = {
				PRODUCT_NAME = "$(TARGET_NAME)";
			};
			name = Debug;
		};
		7E7089971B587BF3004D23AA /* Release */ = {
			isa = XCBuildConfiguration;
			buildSettings = {
				PRODUCT_NAME = "$(TARGET_NAME)";
			};
			name = Release;
		};
/* End XCBuildConfiguration section */

/* Begin XCConfigurationList section */
		7E7089891B587BF3004D23AA /* Build configuration list for PBXProject "ios-deploy" */ = {
			isa = XCConfigurationList;
			buildConfigurations = (
				7E7089931B587BF3004D23AA /* Debug */,
				7E7089941B587BF3004D23AA /* Release */,
			);
			defaultConfigurationIsVisible = 0;
			defaultConfigurationName = Release;
		};
		7E7089951B587BF3004D23AA /* Build configuration list for PBXNativeTarget "ios-deploy" */ = {
			isa = XCConfigurationList;
			buildConfigurations = (
				7E7089961B587BF3004D23AA /* Debug */,
				7E7089971B587BF3004D23AA /* Release */,
			);
			defaultConfigurationIsVisible = 0;
			defaultConfigurationName = Release;
		};
/* End XCConfigurationList section */
	};
	rootObject = 7E7089861B587BF3004D23AA /* Project object */;
}
